
Microsoft Visual Studio Solution File, Format Version 12.00
# Visual Studio Version 17
VisualStudioVersion = 17.6.33829.357
MinimumVisualStudioVersion = 10.0.40219.1
Project("{FAE04EC0-301F-11D3-BF4B-00C04F79EFBC}") = "CompanyCRUD", "CompanyCRUD\CompanyCRUD.csproj", "{51B58922-4AD4-4981-B739-AA9AC00E9173}"
EndProject
Global
	GlobalSection(SolutionConfigurationPlatforms) = preSolution
		Debug|Any CPU = Debug|Any CPU
		Release|Any CPU = Release|Any CPU
	EndGlobalSection
	GlobalSection(ProjectConfigurationPlatforms) = postSolution
		{51B58922-4AD4-4981-B739-AA9AC00E9173}.Debug|Any CPU.ActiveCfg = Debug|Any CPU
		{51B58922-4AD4-4981-B739-AA9AC00E9173}.Debug|Any CPU.Build.0 = Debug|Any CPU
		{51B58922-4AD4-4981-B739-AA9AC00E9173}.Release|Any CPU.ActiveCfg = Release|Any CPU
		{51B58922-4AD4-4981-B739-AA9AC00E9173}.Release|Any CPU.Build.0 = Release|Any CPU
	EndGlobalSection
	GlobalSection(SolutionProperties) = preSolution
		HideSolutionNode = FALSE
	EndGlobalSection
	GlobalSection(ExtensibilityGlobals) = postSolution
		SolutionGuid = {9AACB2D2-0CE9-4B22-874C-04A03C53F0A7}
	EndGlobalSection
EndGlobal
